// !$*UTF8*$!
{
	archiveVersion = 1;
	classes = {
	};
	objectVersion = 55;
	objects = {

/* Begin PBXBuildFile section */
		94320A4828C3205A00004F6D /* Main.storyboard in Resources */ = {isa = PBXBuildFile; fileRef = 94320A4628C3205A00004F6D /* Main.storyboard */; };
		94320A4B28C3205A00004F6D /* BlazeAutomationTask.xcdatamodeld in Sources */ = {isa = PBXBuildFile; fileRef = 94320A4928C3205A00004F6D /* BlazeAutomationTask.xcdatamodeld */; };
		94320A5D28C3210500004F6D /* OrganizationListViewController.swift in Sources */ = {isa = PBXBuildFile; fileRef = 94320A5C28C3210500004F6D /* OrganizationListViewController.swift */; };
		94320A6028C3215200004F6D /* APICallManager.swift in Sources */ = {isa = PBXBuildFile; fileRef = 94320A5F28C3215200004F6D /* APICallManager.swift */; };
		94320A6328C3222300004F6D /* Constants.swift in Sources */ = {isa = PBXBuildFile; fileRef = 94320A6228C3222300004F6D /* Constants.swift */; };
		94320A7C28C326FA00004F6D /* Organizations+CoreDataClass.swift in Sources */ = {isa = PBXBuildFile; fileRef = 94320A7A28C326FA00004F6D /* Organizations+CoreDataClass.swift */; };
		94320A7D28C326FA00004F6D /* Organizations+CoreDataProperties.swift in Sources */ = {isa = PBXBuildFile; fileRef = 94320A7B28C326FA00004F6D /* Organizations+CoreDataProperties.swift */; };
		94320A8028C327AC00004F6D /* OrganizationListViewModel.swift in Sources */ = {isa = PBXBuildFile; fileRef = 94320A7F28C327AC00004F6D /* OrganizationListViewModel.swift */; };
		94320A8828C3323B00004F6D /* Organizations+Extension.swift in Sources */ = {isa = PBXBuildFile; fileRef = 94320A8728C3323B00004F6D /* Organizations+Extension.swift */; };
		94E01DFB28C4636D00E7A7F3 /* EditDetailsViewController.swift in Sources */ = {isa = PBXBuildFile; fileRef = 94E01DFA28C4636D00E7A7F3 /* EditDetailsViewController.swift */; };
		94E01DFE28C4726800E7A7F3 /* EditOrganizationViewModel.swift in Sources */ = {isa = PBXBuildFile; fileRef = 94E01DFD28C4726800E7A7F3 /* EditOrganizationViewModel.swift */; };
		94E01E0128C4728600E7A7F3 /* EditOrganizationModel.swift in Sources */ = {isa = PBXBuildFile; fileRef = 94E01E0028C4728600E7A7F3 /* EditOrganizationModel.swift */; };
		94E01E0428C4761E00E7A7F3 /* CommonExtensions.swift in Sources */ = {isa = PBXBuildFile; fileRef = 94E01E0328C4761E00E7A7F3 /* CommonExtensions.swift */; };
		94E01E0828C476E100E7A7F3 /* AnimatedChildViewController.swift in Sources */ = {isa = PBXBuildFile; fileRef = 94E01E0628C476E100E7A7F3 /* AnimatedChildViewController.swift */; };
		94E01E0928C476E100E7A7F3 /* AnimatedChildViewController.xib in Resources */ = {isa = PBXBuildFile; fileRef = 94E01E0728C476E100E7A7F3 /* AnimatedChildViewController.xib */; };
		9DF6760F2909298600DCCAD5 /* CoreDataManager.swift in Sources */ = {isa = PBXBuildFile; fileRef = 9DF6760E2909298600DCCAD5 /* CoreDataManager.swift */; };
		9DF67617290929DD00DCCAD5 /* Info.plist in Resources */ = {isa = PBXBuildFile; fileRef = 9DF67610290929DD00DCCAD5 /* Info.plist */; };
		9DF67618290929DD00DCCAD5 /* AppDelegate.swift in Sources */ = {isa = PBXBuildFile; fileRef = 9DF67611290929DD00DCCAD5 /* AppDelegate.swift */; };
		9DF6761A290929DD00DCCAD5 /* SceneDelegate.swift in Sources */ = {isa = PBXBuildFile; fileRef = 9DF67615290929DD00DCCAD5 /* SceneDelegate.swift */; };
		9DF6761B290929DD00DCCAD5 /* Assets.xcassets in Resources */ = {isa = PBXBuildFile; fileRef = 9DF67616290929DD00DCCAD5 /* Assets.xcassets */; };
		9DF6762129092A2000DCCAD5 /* OrganizationsResponse.swift in Sources */ = {isa = PBXBuildFile; fileRef = 9DF6761D29092A2000DCCAD5 /* OrganizationsResponse.swift */; };
		9DF6762229092A2000DCCAD5 /* Organizations.swift in Sources */ = {isa = PBXBuildFile; fileRef = 9DF6761E29092A2000DCCAD5 /* Organizations.swift */; };
		9DF6762329092A2000DCCAD5 /* OrganizationListDataSource.swift in Sources */ = {isa = PBXBuildFile; fileRef = 9DF6762029092A2000DCCAD5 /* OrganizationListDataSource.swift */; };
		9DF6762729092B1B00DCCAD5 /* OrganizationDetailsTableViewCell.swift in Sources */ = {isa = PBXBuildFile; fileRef = 9DF6762529092B1A00DCCAD5 /* OrganizationDetailsTableViewCell.swift */; };
		9DF6762829092B1B00DCCAD5 /* OrganizationDetailsTableViewCell.xib in Resources */ = {isa = PBXBuildFile; fileRef = 9DF6762629092B1A00DCCAD5 /* OrganizationDetailsTableViewCell.xib */; };
/* End PBXBuildFile section */

/* Begin PBXFileReference section */
		94320A3D28C3205A00004F6D /* BlazeAutomationTask.app */ = {isa = PBXFileReference; explicitFileType = wrapper.application; includeInIndex = 0; path = BlazeAutomationTask.app; sourceTree = BUILT_PRODUCTS_DIR; };
		94320A4728C3205A00004F6D /* Base */ = {isa = PBXFileReference; lastKnownFileType = file.storyboard; name = Base; path = Base.lproj/Main.storyboard; sourceTree = "<group>"; };
		94320A4A28C3205A00004F6D /* BlazeAutomationTask.xcdatamodel */ = {isa = PBXFileReference; lastKnownFileType = wrapper.xcdatamodel; path = BlazeAutomationTask.xcdatamodel; sourceTree = "<group>"; };
		94320A5C28C3210500004F6D /* OrganizationListViewController.swift */ = {isa = PBXFileReference; lastKnownFileType = sourcecode.swift; path = OrganizationListViewController.swift; sourceTree = "<group>"; };
		94320A5F28C3215200004F6D /* APICallManager.swift */ = {isa = PBXFileReference; fileEncoding = 4; lastKnownFileType = sourcecode.swift; path = APICallManager.swift; sourceTree = "<group>"; };
		94320A6228C3222300004F6D /* Constants.swift */ = {isa = PBXFileReference; lastKnownFileType = sourcecode.swift; path = Constants.swift; sourceTree = "<group>"; };
		94320A7A28C326FA00004F6D /* Organizations+CoreDataClass.swift */ = {isa = PBXFileReference; fileEncoding = 4; lastKnownFileType = sourcecode.swift; path = "Organizations+CoreDataClass.swift"; sourceTree = "<group>"; };
		94320A7B28C326FA00004F6D /* Organizations+CoreDataProperties.swift */ = {isa = PBXFileReference; fileEncoding = 4; lastKnownFileType = sourcecode.swift; path = "Organizations+CoreDataProperties.swift"; sourceTree = "<group>"; };
		94320A7F28C327AC00004F6D /* OrganizationListViewModel.swift */ = {isa = PBXFileReference; lastKnownFileType = sourcecode.swift; path = OrganizationListViewModel.swift; sourceTree = "<group>"; };
		94320A8728C3323B00004F6D /* Organizations+Extension.swift */ = {isa = PBXFileReference; lastKnownFileType = sourcecode.swift; path = "Organizations+Extension.swift"; sourceTree = "<group>"; };
		94E01DFA28C4636D00E7A7F3 /* EditDetailsViewController.swift */ = {isa = PBXFileReference; lastKnownFileType = sourcecode.swift; path = EditDetailsViewController.swift; sourceTree = "<group>"; };
		94E01DFD28C4726800E7A7F3 /* EditOrganizationViewModel.swift */ = {isa = PBXFileReference; lastKnownFileType = sourcecode.swift; path = EditOrganizationViewModel.swift; sourceTree = "<group>"; };
		94E01E0028C4728600E7A7F3 /* EditOrganizationModel.swift */ = {isa = PBXFileReference; lastKnownFileType = sourcecode.swift; path = EditOrganizationModel.swift; sourceTree = "<group>"; };
		94E01E0328C4761E00E7A7F3 /* CommonExtensions.swift */ = {isa = PBXFileReference; fileEncoding = 4; lastKnownFileType = sourcecode.swift; path = CommonExtensions.swift; sourceTree = "<group>"; };
		94E01E0628C476E100E7A7F3 /* AnimatedChildViewController.swift */ = {isa = PBXFileReference; fileEncoding = 4; lastKnownFileType = sourcecode.swift; path = AnimatedChildViewController.swift; sourceTree = "<group>"; };
		94E01E0728C476E100E7A7F3 /* AnimatedChildViewController.xib */ = {isa = PBXFileReference; fileEncoding = 4; lastKnownFileType = file.xib; path = AnimatedChildViewController.xib; sourceTree = "<group>"; };
		9DF6760E2909298600DCCAD5 /* CoreDataManager.swift */ = {isa = PBXFileReference; fileEncoding = 4; lastKnownFileType = sourcecode.swift; path = CoreDataManager.swift; sourceTree = "<group>"; };
		9DF67610290929DD00DCCAD5 /* Info.plist */ = {isa = PBXFileReference; fileEncoding = 4; lastKnownFileType = text.plist.xml; path = Info.plist; sourceTree = "<group>"; };
		9DF67611290929DD00DCCAD5 /* AppDelegate.swift */ = {isa = PBXFileReference; fileEncoding = 4; lastKnownFileType = sourcecode.swift; path = AppDelegate.swift; sourceTree = "<group>"; };
		9DF67615290929DD00DCCAD5 /* SceneDelegate.swift */ = {isa = PBXFileReference; fileEncoding = 4; lastKnownFileType = sourcecode.swift; path = SceneDelegate.swift; sourceTree = "<group>"; };
		9DF67616290929DD00DCCAD5 /* Assets.xcassets */ = {isa = PBXFileReference; lastKnownFileType = folder.assetcatalog; path = Assets.xcassets; sourceTree = "<group>"; };
		9DF6761D29092A2000DCCAD5 /* OrganizationsResponse.swift */ = {isa = PBXFileReference; fileEncoding = 4; lastKnownFileType = sourcecode.swift; path = OrganizationsResponse.swift; sourceTree = "<group>"; };
		9DF6761E29092A2000DCCAD5 /* Organizations.swift */ = {isa = PBXFileReference; fileEncoding = 4; lastKnownFileType = sourcecode.swift; path = Organizations.swift; sourceTree = "<group>"; };
		9DF6762029092A2000DCCAD5 /* OrganizationListDataSource.swift */ = {isa = PBXFileReference; fileEncoding = 4; lastKnownFileType = sourcecode.swift; path = OrganizationListDataSource.swift; sourceTree = "<group>"; };
		9DF6762529092B1A00DCCAD5 /* OrganizationDetailsTableViewCell.swift */ = {isa = PBXFileReference; fileEncoding = 4; lastKnownFileType = sourcecode.swift; path = OrganizationDetailsTableViewCell.swift; sourceTree = "<group>"; };
		9DF6762629092B1A00DCCAD5 /* OrganizationDetailsTableViewCell.xib */ = {isa = PBXFileReference; fileEncoding = 4; lastKnownFileType = file.xib; path = OrganizationDetailsTableViewCell.xib; sourceTree = "<group>"; };
/* End PBXFileReference section */

/* Begin PBXFrameworksBuildPhase section */
		94320A3A28C3205900004F6D /* Frameworks */ = {
			isa = PBXFrameworksBuildPhase;
			buildActionMask = 2147483647;
			files = (
			);
			runOnlyForDeploymentPostprocessing = 0;
		};
/* End PBXFrameworksBuildPhase section */

/* Begin PBXGroup section */
		94320A3428C3205900004F6D = {
			isa = PBXGroup;
			children = (
				94320A3F28C3205A00004F6D /* BlazeAutomationTask */,
				94320A3E28C3205A00004F6D /* Products */,
			);
			sourceTree = "<group>";
		};
		94320A3E28C3205A00004F6D /* Products */ = {
			isa = PBXGroup;
			children = (
				94320A3D28C3205A00004F6D /* BlazeAutomationTask.app */,
			);
			name = Products;
			sourceTree = "<group>";
		};
		94320A3F28C3205A00004F6D /* BlazeAutomationTask */ = {
			isa = PBXGroup;
			children = (
				9DF6760C2909298600DCCAD5 /* CoreData */,
				94E01E0A28C479EA00E7A7F3 /* OrganizationsList */,
				94E01E0528C476BF00E7A7F3 /* StatusPopup */,
				94E01E0228C4761E00E7A7F3 /* Extensions */,
				94E01DF828C4634C00E7A7F3 /* EditDetails */,
				94320A7128C3267500004F6D /* Coredatamodels */,
				94320A6128C3221600004F6D /* Constants */,
				94320A5E28C3215200004F6D /* APICallManager */,
				94320A4628C3205A00004F6D /* Main.storyboard */,
				9DF67611290929DD00DCCAD5 /* AppDelegate.swift */,
				9DF67616290929DD00DCCAD5 /* Assets.xcassets */,
				9DF67610290929DD00DCCAD5 /* Info.plist */,
				9DF67615290929DD00DCCAD5 /* SceneDelegate.swift */,
				94320A4928C3205A00004F6D /* BlazeAutomationTask.xcdatamodeld */,
			);
			path = BlazeAutomationTask;
			sourceTree = "<group>";
		};
		94320A5E28C3215200004F6D /* APICallManager */ = {
			isa = PBXGroup;
			children = (
				94320A5F28C3215200004F6D /* APICallManager.swift */,
			);
			path = APICallManager;
			sourceTree = "<group>";
		};
		94320A6128C3221600004F6D /* Constants */ = {
			isa = PBXGroup;
			children = (
				94320A6228C3222300004F6D /* Constants.swift */,
			);
			path = Constants;
			sourceTree = "<group>";
		};
		94320A6728C3244E00004F6D /* View */ = {
			isa = PBXGroup;
			children = (
				9DF6762429092B1A00DCCAD5 /* Tableviewcell */,
				94320A5C28C3210500004F6D /* OrganizationListViewController.swift */,
			);
			path = View;
			sourceTree = "<group>";
		};
		94320A7128C3267500004F6D /* Coredatamodels */ = {
			isa = PBXGroup;
			children = (
				94320A8428C331E800004F6D /* CoredataOrganizationsEntityExtensions */,
				94320A7A28C326FA00004F6D /* Organizations+CoreDataClass.swift */,
				94320A7B28C326FA00004F6D /* Organizations+CoreDataProperties.swift */,
			);
			path = Coredatamodels;
			sourceTree = "<group>";
		};
		94320A7E28C3278800004F6D /* ViewModel */ = {
			isa = PBXGroup;
			children = (
				94320A7F28C327AC00004F6D /* OrganizationListViewModel.swift */,
			);
			path = ViewModel;
			sourceTree = "<group>";
		};
		94320A8428C331E800004F6D /* CoredataOrganizationsEntityExtensions */ = {
			isa = PBXGroup;
			children = (
				94320A8728C3323B00004F6D /* Organizations+Extension.swift */,
			);
			path = CoredataOrganizationsEntityExtensions;
			sourceTree = "<group>";
		};
		94E01DF828C4634C00E7A7F3 /* EditDetails */ = {
			isa = PBXGroup;
			children = (
				94E01DFF28C4727700E7A7F3 /* Model */,
				94E01DFC28C4725000E7A7F3 /* ViewModel */,
				94E01DF928C4635A00E7A7F3 /* View */,
			);
			path = EditDetails;
			sourceTree = "<group>";
		};
		94E01DF928C4635A00E7A7F3 /* View */ = {
			isa = PBXGroup;
			children = (
				94E01DFA28C4636D00E7A7F3 /* EditDetailsViewController.swift */,
			);
			path = View;
			sourceTree = "<group>";
		};
		94E01DFC28C4725000E7A7F3 /* ViewModel */ = {
			isa = PBXGroup;
			children = (
				94E01DFD28C4726800E7A7F3 /* EditOrganizationViewModel.swift */,
			);
			path = ViewModel;
			sourceTree = "<group>";
		};
		94E01DFF28C4727700E7A7F3 /* Model */ = {
			isa = PBXGroup;
			children = (
				94E01E0028C4728600E7A7F3 /* EditOrganizationModel.swift */,
			);
			path = Model;
			sourceTree = "<group>";
		};
		94E01E0228C4761E00E7A7F3 /* Extensions */ = {
			isa = PBXGroup;
			children = (
				94E01E0328C4761E00E7A7F3 /* CommonExtensions.swift */,
			);
			path = Extensions;
			sourceTree = "<group>";
		};
		94E01E0528C476BF00E7A7F3 /* StatusPopup */ = {
			isa = PBXGroup;
			children = (
				94E01E0628C476E100E7A7F3 /* AnimatedChildViewController.swift */,
				94E01E0728C476E100E7A7F3 /* AnimatedChildViewController.xib */,
			);
			path = StatusPopup;
			sourceTree = "<group>";
		};
		94E01E0A28C479EA00E7A7F3 /* OrganizationsList */ = {
			isa = PBXGroup;
			children = (
				9DF6761C29092A2000DCCAD5 /* Model */,
				9DF6761F29092A2000DCCAD5 /* OrganizationListDataSource */,
				94320A7E28C3278800004F6D /* ViewModel */,
				94320A6728C3244E00004F6D /* View */,
			);
			path = OrganizationsList;
			sourceTree = "<group>";
		};
		9DF6760C2909298600DCCAD5 /* CoreData */ = {
			isa = PBXGroup;
			children = (
				9DF6760D2909298600DCCAD5 /* CoreDataManager */,
			);
			path = CoreData;
			sourceTree = "<group>";
		};
		9DF6760D2909298600DCCAD5 /* CoreDataManager */ = {
			isa = PBXGroup;
			children = (
				9DF6760E2909298600DCCAD5 /* CoreDataManager.swift */,
			);
			path = CoreDataManager;
			sourceTree = "<group>";
		};
		9DF6761C29092A2000DCCAD5 /* Model */ = {
			isa = PBXGroup;
			children = (
				9DF6761D29092A2000DCCAD5 /* OrganizationsResponse.swift */,
				9DF6761E29092A2000DCCAD5 /* Organizations.swift */,
			);
			path = Model;
			sourceTree = "<group>";
		};
		9DF6761F29092A2000DCCAD5 /* OrganizationListDataSource */ = {
			isa = PBXGroup;
			children = (
				9DF6762029092A2000DCCAD5 /* OrganizationListDataSource.swift */,
			);
			path = OrganizationListDataSource;
			sourceTree = "<group>";
		};
		9DF6762429092B1A00DCCAD5 /* Tableviewcell */ = {
			isa = PBXGroup;
			children = (
				9DF6762529092B1A00DCCAD5 /* OrganizationDetailsTableViewCell.swift */,
				9DF6762629092B1A00DCCAD5 /* OrganizationDetailsTableViewCell.xib */,
			);
			path = Tableviewcell;
			sourceTree = "<group>";
		};
/* End PBXGroup section */

/* Begin PBXNativeTarget section */
		94320A3C28C3205900004F6D /* BlazeAutomationTask */ = {
			isa = PBXNativeTarget;
			buildConfigurationList = 94320A5428C3205E00004F6D /* Build configuration list for PBXNativeTarget "BlazeAutomationTask" */;
			buildPhases = (
				94320A3928C3205900004F6D /* Sources */,
				94320A3A28C3205900004F6D /* Frameworks */,
				94320A3B28C3205900004F6D /* Resources */,
			);
			buildRules = (
			);
			dependencies = (
			);
			name = BlazeAutomationTask;
			productName = BlazeAutomationTask;
			productReference = 94320A3D28C3205A00004F6D /* BlazeAutomationTask.app */;
			productType = "com.apple.product-type.application";
		};
/* End PBXNativeTarget section */

/* Begin PBXProject section */
		94320A3528C3205900004F6D /* Project object */ = {
			isa = PBXProject;
			attributes = {
				BuildIndependentTargetsInParallel = 1;
				LastSwiftUpdateCheck = 1330;
				LastUpgradeCheck = 1330;
				TargetAttributes = {
					94320A3C28C3205900004F6D = {
						CreatedOnToolsVersion = 13.3.1;
					};
				};
			};
			buildConfigurationList = 94320A3828C3205900004F6D /* Build configuration list for PBXProject "BlazeAutomationTask" */;
			compatibilityVersion = "Xcode 13.0";
			developmentRegion = en;
			hasScannedForEncodings = 0;
			knownRegions = (
				en,
				Base,
			);
			mainGroup = 94320A3428C3205900004F6D;
			productRefGroup = 94320A3E28C3205A00004F6D /* Products */;
			projectDirPath = "";
			projectRoot = "";
			targets = (
				94320A3C28C3205900004F6D /* BlazeAutomationTask */,
			);
		};
/* End PBXProject section */

/* Begin PBXResourcesBuildPhase section */
		94320A3B28C3205900004F6D /* Resources */ = {
			isa = PBXResourcesBuildPhase;
			buildActionMask = 2147483647;
			files = (
				9DF67617290929DD00DCCAD5 /* Info.plist in Resources */,
				94E01E0928C476E100E7A7F3 /* AnimatedChildViewController.xib in Resources */,
				9DF6762829092B1B00DCCAD5 /* OrganizationDetailsTableViewCell.xib in Resources */,
				94320A4828C3205A00004F6D /* Main.storyboard in Resources */,
				9DF6761B290929DD00DCCAD5 /* Assets.xcassets in Resources */,
			);
			runOnlyForDeploymentPostprocessing = 0;
		};
/* End PBXResourcesBuildPhase section */

/* Begin PBXSourcesBuildPhase section */
		94320A3928C3205900004F6D /* Sources */ = {
			isa = PBXSourcesBuildPhase;
			buildActionMask = 2147483647;
			files = (
				94320A4B28C3205A00004F6D /* BlazeAutomationTask.xcdatamodeld in Sources */,
				9DF67618290929DD00DCCAD5 /* AppDelegate.swift in Sources */,
				94320A5D28C3210500004F6D /* OrganizationListViewController.swift in Sources */,
				94E01DFB28C4636D00E7A7F3 /* EditDetailsViewController.swift in Sources */,
				94E01E0828C476E100E7A7F3 /* AnimatedChildViewController.swift in Sources */,
				94E01E0128C4728600E7A7F3 /* EditOrganizationModel.swift in Sources */,
				94320A8828C3323B00004F6D /* Organizations+Extension.swift in Sources */,
				94320A6028C3215200004F6D /* APICallManager.swift in Sources */,
				94E01DFE28C4726800E7A7F3 /* EditOrganizationViewModel.swift in Sources */,
				9DF6762129092A2000DCCAD5 /* OrganizationsResponse.swift in Sources */,
				94E01E0428C4761E00E7A7F3 /* CommonExtensions.swift in Sources */,
				94320A8028C327AC00004F6D /* OrganizationListViewModel.swift in Sources */,
				9DF6762229092A2000DCCAD5 /* Organizations.swift in Sources */,
				94320A7D28C326FA00004F6D /* Organizations+CoreDataProperties.swift in Sources */,
				9DF6762329092A2000DCCAD5 /* OrganizationListDataSource.swift in Sources */,
				9DF6761A290929DD00DCCAD5 /* SceneDelegate.swift in Sources */,
				94320A6328C3222300004F6D /* Constants.swift in Sources */,
				9DF6760F2909298600DCCAD5 /* CoreDataManager.swift in Sources */,
				94320A7C28C326FA00004F6D /* Organizations+CoreDataClass.swift in Sources */,
				9DF6762729092B1B00DCCAD5 /* OrganizationDetailsTableViewCell.swift in Sources */,
			);
			runOnlyForDeploymentPostprocessing = 0;
		};
/* End PBXSourcesBuildPhase section */

/* Begin PBXVariantGroup section */
		94320A4628C3205A00004F6D /* Main.storyboard */ = {
			isa = PBXVariantGroup;
			children = (
				94320A4728C3205A00004F6D /* Base */,
			);
			name = Main.storyboard;
			sourceTree = "<group>";
		};
/* End PBXVariantGroup section */

/* Begin XCBuildConfiguration section */
		94320A5228C3205E00004F6D /* Debug */ = {
			isa = XCBuildConfiguration;
			buildSettings = {
				ALWAYS_SEARCH_USER_PATHS = NO;
				CLANG_ANALYZER_NONNULL = YES;
				CLANG_ANALYZER_NUMBER_OBJECT_CONVERSION = YES_AGGRESSIVE;
				CLANG_CXX_LANGUAGE_STANDARD = "gnu++17";
				CLANG_ENABLE_MODULES = YES;
				CLANG_ENABLE_OBJC_ARC = YES;
				CLANG_ENABLE_OBJC_WEAK = YES;
				CLANG_WARN_BLOCK_CAPTURE_AUTORELEASING = YES;
				CLANG_WARN_BOOL_CONVERSION = YES;
				CLANG_WARN_COMMA = YES;
				CLANG_WARN_CONSTANT_CONVERSION = YES;
				CLANG_WARN_DEPRECATED_OBJC_IMPLEMENTATIONS = YES;
				CLANG_WARN_DIRECT_OBJC_ISA_USAGE = YES_ERROR;
				CLANG_WARN_DOCUMENTATION_COMMENTS = YES;
				CLANG_WARN_EMPTY_BODY = YES;
				CLANG_WARN_ENUM_CONVERSION = YES;
				CLANG_WARN_INFINITE_RECURSION = YES;
				CLANG_WARN_INT_CONVERSION = YES;
				CLANG_WARN_NON_LITERAL_NULL_CONVERSION = YES;
				CLANG_WARN_OBJC_IMPLICIT_RETAIN_SELF = YES;
				CLANG_WARN_OBJC_LITERAL_CONVERSION = YES;
				CLANG_WARN_OBJC_ROOT_CLASS = YES_ERROR;
				CLANG_WARN_QUOTED_INCLUDE_IN_FRAMEWORK_HEADER = YES;
				CLANG_WARN_RANGE_LOOP_ANALYSIS = YES;
				CLANG_WARN_STRICT_PROTOTYPES = YES;
				CLANG_WARN_SUSPICIOUS_MOVE = YES;
				CLANG_WARN_UNGUARDED_AVAILABILITY = YES_AGGRESSIVE;
				CLANG_WARN_UNREACHABLE_CODE = YES;
				CLANG_WARN__DUPLICATE_METHOD_MATCH = YES;
				COPY_PHASE_STRIP = NO;
				DEBUG_INFORMATION_FORMAT = dwarf;
				ENABLE_STRICT_OBJC_MSGSEND = YES;
				ENABLE_TESTABILITY = YES;
				GCC_C_LANGUAGE_STANDARD = gnu11;
				GCC_DYNAMIC_NO_PIC = NO;
				GCC_NO_COMMON_BLOCKS = YES;
				GCC_OPTIMIZATION_LEVEL = 0;
				GCC_PREPROCESSOR_DEFINITIONS = (
					"DEBUG=1",
					"$(inherited)",
				);
				GCC_WARN_64_TO_32_BIT_CONVERSION = YES;
				GCC_WARN_ABOUT_RETURN_TYPE = YES_ERROR;
				GCC_WARN_UNDECLARED_SELECTOR = YES;
				GCC_WARN_UNINITIALIZED_AUTOS = YES_AGGRESSIVE;
				GCC_WARN_UNUSED_FUNCTION = YES;
				GCC_WARN_UNUSED_VARIABLE = YES;
				IPHONEOS_DEPLOYMENT_TARGET = 15.4;
				MTL_ENABLE_DEBUG_INFO = INCLUDE_SOURCE;
				MTL_FAST_MATH = YES;
				ONLY_ACTIVE_ARCH = YES;
				SDKROOT = iphoneos;
				SWIFT_ACTIVE_COMPILATION_CONDITIONS = DEBUG;
				SWIFT_OPTIMIZATION_LEVEL = "-Onone";
			};
			name = Debug;
		};
		94320A5328C3205E00004F6D /* Release */ = {
			isa = XCBuildConfiguration;
			buildSettings = {
				ALWAYS_SEARCH_USER_PATHS = NO;
				CLANG_ANALYZER_NONNULL = YES;
				CLANG_ANALYZER_NUMBER_OBJECT_CONVERSION = YES_AGGRESSIVE;
				CLANG_CXX_LANGUAGE_STANDARD = "gnu++17";
				CLANG_ENABLE_MODULES = YES;
				CLANG_ENABLE_OBJC_ARC = YES;
				CLANG_ENABLE_OBJC_WEAK = YES;
				CLANG_WARN_BLOCK_CAPTURE_AUTORELEASING = YES;
				CLANG_WARN_BOOL_CONVERSION = YES;
				CLANG_WARN_COMMA = YES;
				CLANG_WARN_CONSTANT_CONVERSION = YES;
				CLANG_WARN_DEPRECATED_OBJC_IMPLEMENTATIONS = YES;
				CLANG_WARN_DIRECT_OBJC_ISA_USAGE = YES_ERROR;
				CLANG_WARN_DOCUMENTATION_COMMENTS = YES;
				CLANG_WARN_EMPTY_BODY = YES;
				CLANG_WARN_ENUM_CONVERSION = YES;
				CLANG_WARN_INFINITE_RECURSION = YES;
				CLANG_WARN_INT_CONVERSION = YES;
				CLANG_WARN_NON_LITERAL_NULL_CONVERSION = YES;
				CLANG_WARN_OBJC_IMPLICIT_RETAIN_SELF = YES;
				CLANG_WARN_OBJC_LITERAL_CONVERSION = YES;
				CLANG_WARN_OBJC_ROOT_CLASS = YES_ERROR;
				CLANG_WARN_QUOTED_INCLUDE_IN_FRAMEWORK_HEADER = YES;
				CLANG_WARN_RANGE_LOOP_ANALYSIS = YES;
				CLANG_WARN_STRICT_PROTOTYPES = YES;
				CLANG_WARN_SUSPICIOUS_MOVE = YES;
				CLANG_WARN_UNGUARDED_AVAILABILITY = YES_AGGRESSIVE;
				CLANG_WARN_UNREACHABLE_CODE = YES;
				CLANG_WARN__DUPLICATE_METHOD_MATCH = YES;
				COPY_PHASE_STRIP = NO;
				DEBUG_INFORMATION_FORMAT = "dwarf-with-dsym";
				ENABLE_NS_ASSERTIONS = NO;
				ENABLE_STRICT_OBJC_MSGSEND = YES;
				GCC_C_LANGUAGE_STANDARD = gnu11;
				GCC_NO_COMMON_BLOCKS = YES;
				GCC_WARN_64_TO_32_BIT_CONVERSION = YES;
				GCC_WARN_ABOUT_RETURN_TYPE = YES_ERROR;
				GCC_WARN_UNDECLARED_SELECTOR = YES;
				GCC_WARN_UNINITIALIZED_AUTOS = YES_AGGRESSIVE;
				GCC_WARN_UNUSED_FUNCTION = YES;
				GCC_WARN_UNUSED_VARIABLE = YES;
				IPHONEOS_DEPLOYMENT_TARGET = 15.4;
				MTL_ENABLE_DEBUG_INFO = NO;
				MTL_FAST_MATH = YES;
				SDKROOT = iphoneos;
				SWIFT_COMPILATION_MODE = wholemodule;
				SWIFT_OPTIMIZATION_LEVEL = "-O";
				VALIDATE_PRODUCT = YES;
			};
			name = Release;
		};
		94320A5528C3205E00004F6D /* Debug */ = {
			isa = XCBuildConfiguration;
			buildSettings = {
				ASSETCATALOG_COMPILER_APPICON_NAME = AppIcon;
				ASSETCATALOG_COMPILER_GLOBAL_ACCENT_COLOR_NAME = AccentColor;
				CODE_SIGN_STYLE = Manual;
				CURRENT_PROJECT_VERSION = 1;
				DEVELOPMENT_TEAM = "";
				GENERATE_INFOPLIST_FILE = YES;
				INFOPLIST_FILE = BlazeAutomationTask/Info.plist;
				INFOPLIST_KEY_UIApplicationSupportsIndirectInputEvents = YES;
				INFOPLIST_KEY_UILaunchStoryboardName = LaunchScreen;
				INFOPLIST_KEY_UIMainStoryboardFile = Main;
				INFOPLIST_KEY_UISupportedInterfaceOrientations_iPad = "UIInterfaceOrientationPortrait UIInterfaceOrientationPortraitUpsideDown UIInterfaceOrientationLandscapeLeft UIInterfaceOrientationLandscapeRight";
				INFOPLIST_KEY_UISupportedInterfaceOrientations_iPhone = "UIInterfaceOrientationPortrait UIInterfaceOrientationLandscapeLeft UIInterfaceOrientationLandscapeRight";
				LD_RUNPATH_SEARCH_PATHS = (
					"$(inherited)",
					"@executable_path/Frameworks",
				);
				MARKETING_VERSION = 1.0;
				PRODUCT_BUNDLE_IDENTIFIER = com.ramram.BlazeAutomationTask;
				PRODUCT_NAME = "$(TARGET_NAME)";
				PROVISIONING_PROFILE_SPECIFIER = "";
				SWIFT_EMIT_LOC_STRINGS = YES;
				SWIFT_VERSION = 5.0;
				TARGETED_DEVICE_FAMILY = "1,2";
			};
			name = Debug;
		};
		94320A5628C3205E00004F6D /* Release */ = {
			isa = XCBuildConfiguration;
			buildSettings = {
				ASSETCATALOG_COMPILER_APPICON_NAME = AppIcon;
				ASSETCATALOG_COMPILER_GLOBAL_ACCENT_COLOR_NAME = AccentColor;
				CODE_SIGN_STYLE = Manual;
				CURRENT_PROJECT_VERSION = 1;
				DEVELOPMENT_TEAM = "";
				GENERATE_INFOPLIST_FILE = YES;
				INFOPLIST_FILE = BlazeAutomationTask/Info.plist;
				INFOPLIST_KEY_UIApplicationSupportsIndirectInputEvents = YES;
				INFOPLIST_KEY_UILaunchStoryboardName = LaunchScreen;
				INFOPLIST_KEY_UIMainStoryboardFile = Main;
				INFOPLIST_KEY_UISupportedInterfaceOrientations_iPad = "UIInterfaceOrientationPortrait UIInterfaceOrientationPortraitUpsideDown UIInterfaceOrientationLandscapeLeft UIInterfaceOrientationLandscapeRight";
				INFOPLIST_KEY_UISupportedInterfaceOrientations_iPhone = "UIInterfaceOrientationPortrait UIInterfaceOrientationLandscapeLeft UIInterfaceOrientationLandscapeRight";
				LD_RUNPATH_SEARCH_PATHS = (
					"$(inherited)",
					"@executable_path/Frameworks",
				);
				MARKETING_VERSION = 1.0;
				PRODUCT_BUNDLE_IDENTIFIER = com.ramram.BlazeAutomationTask;
				PRODUCT_NAME = "$(TARGET_NAME)";
				PROVISIONING_PROFILE_SPECIFIER = "";
				SWIFT_EMIT_LOC_STRINGS = YES;
				SWIFT_VERSION = 5.0;
				TARGETED_DEVICE_FAMILY = "1,2";
			};
			name = Release;
		};
/* End XCBuildConfiguration section */

/* Begin XCConfigurationList section */
		94320A3828C3205900004F6D /* Build configuration list for PBXProject "BlazeAutomationTask" */ = {
			isa = XCConfigurationList;
			buildConfigurations = (
				94320A5228C3205E00004F6D /* Debug */,
				94320A5328C3205E00004F6D /* Release */,
			);
			defaultConfigurationIsVisible = 0;
			defaultConfigurationName = Release;
		};
		94320A5428C3205E00004F6D /* Build configuration list for PBXNativeTarget "BlazeAutomationTask" */ = {
			isa = XCConfigurationList;
			buildConfigurations = (
				94320A5528C3205E00004F6D /* Debug */,
				94320A5628C3205E00004F6D /* Release */,
			);
			defaultConfigurationIsVisible = 0;
			defaultConfigurationName = Release;
		};
/* End XCConfigurationList section */

/* Begin XCVersionGroup section */
		94320A4928C3205A00004F6D /* BlazeAutomationTask.xcdatamodeld */ = {
			isa = XCVersionGroup;
			children = (
				94320A4A28C3205A00004F6D /* BlazeAutomationTask.xcdatamodel */,
			);
			currentVersion = 94320A4A28C3205A00004F6D /* BlazeAutomationTask.xcdatamodel */;
			path = BlazeAutomationTask.xcdatamodeld;
			sourceTree = "<group>";
			versionGroupType = wrapper.xcdatamodel;
		};
/* End XCVersionGroup section */
	};
	rootObject = 94320A3528C3205900004F6D /* Project object */;
}
